
Microsoft Visual Studio Solution File, Format Version 12.00
# Visual Studio 15
VisualStudioVersion = 15.0.28307.572
MinimumVisualStudioVersion = 10.0.40219.1
Project("{FAE04EC0-301F-11D3-BF4B-00C04F79EFBC}") = "FactorialWebApp", "FactorialWebApp\FactorialWebApp.csproj", "{796C65BE-101D-4BF1-ABB2-D24CC9CEDE25}"
EndProject
Global
	GlobalSection(SolutionConfigurationPlatforms) = preSolution
		Debug|Any CPU = Debug|Any CPU
		Release|Any CPU = Release|Any CPU
	EndGlobalSection
	GlobalSection(ProjectConfigurationPlatforms) = postSolution
		{796C65BE-101D-4BF1-ABB2-D24CC9CEDE25}.Debug|Any CPU.ActiveCfg = Debug|Any CPU
		{796C65BE-101D-4BF1-ABB2-D24CC9CEDE25}.Debug|Any CPU.Build.0 = Debug|Any CPU
		{796C65BE-101D-4BF1-ABB2-D24CC9CEDE25}.Release|Any CPU.ActiveCfg = Release|Any CPU
		{796C65BE-101D-4BF1-ABB2-D24CC9CEDE25}.Release|Any CPU.Build.0 = Release|Any CPU
	EndGlobalSection
	GlobalSection(SolutionProperties) = preSolution
		HideSolutionNode = FALSE
	EndGlobalSection
	GlobalSection(ExtensibilityGlobals) = postSolution
		SolutionGuid = {40702C2E-CC83-43C3-B5E2-FFE53404507F}
	EndGlobalSection
EndGlobal
